// !$*UTF8*$!
{
	archiveVersion = 1;
	classes = {
	};
	objectVersion = 46;
	objects = {

/* Begin PBXBuildFile section */
		F44F5C391AAA1683003194C3 /* main.m in Sources */ = {isa = PBXBuildFile; fileRef = F44F5C381AAA1683003194C3 /* main.m */; };
		F44F5C3C1AAA1683003194C3 /* AppDelegate.m in Sources */ = {isa = PBXBuildFile; fileRef = F44F5C3B1AAA1683003194C3 /* AppDelegate.m */; };
		F44F5C3F1AAA1683003194C3 /* FirstViewController.m in Sources */ = {isa = PBXBuildFile; fileRef = F44F5C3E1AAA1683003194C3 /* FirstViewController.m */; };
		F44F5C421AAA1683003194C3 /* SecondViewController.m in Sources */ = {isa = PBXBuildFile; fileRef = F44F5C411AAA1683003194C3 /* SecondViewController.m */; };
		F44F5C451AAA1683003194C3 /* Main.storyboard in Resources */ = {isa = PBXBuildFile; fileRef = F44F5C431AAA1683003194C3 /* Main.storyboard */; };
		F44F5C471AAA1683003194C3 /* Images.xcassets in Resources */ = {isa = PBXBuildFile; fileRef = F44F5C461AAA1683003194C3 /* Images.xcassets */; };
		F44F5C4A1AAA1683003194C3 /* LaunchScreen.xib in Resources */ = {isa = PBXBuildFile; fileRef = F44F5C481AAA1683003194C3 /* LaunchScreen.xib */; };
		F44F5C561AAA1683003194C3 /* TabbyTests.m in Sources */ = {isa = PBXBuildFile; fileRef = F44F5C551AAA1683003194C3 /* TabbyTests.m */; };
/* End PBXBuildFile section */

/* Begin PBXContainerItemProxy section */
		F44F5C501AAA1683003194C3 /* PBXContainerItemProxy */ = {
			isa = PBXContainerItemProxy;
			containerPortal = F44F5C2B1AAA1683003194C3 /* Project object */;
			proxyType = 1;
			remoteGlobalIDString = F44F5C321AAA1683003194C3;
			remoteInfo = Tabby;
		};
/* End PBXContainerItemProxy section */

/* Begin PBXFileReference section */
		F44F5C331AAA1683003194C3 /* Tabby.app */ = {isa = PBXFileReference; explicitFileType = wrapper.application; includeInIndex = 0; path = Tabby.app; sourceTree = BUILT_PRODUCTS_DIR; };
		F44F5C371AAA1683003194C3 /* Info.plist */ = {isa = PBXFileReference; lastKnownFileType = text.plist.xml; path = Info.plist; sourceTree = "<group>"; };
		F44F5C381AAA1683003194C3 /* main.m */ = {isa = PBXFileReference; lastKnownFileType = sourcecode.c.objc; path = main.m; sourceTree = "<group>"; };
		F44F5C3A1AAA1683003194C3 /* AppDelegate.h */ = {isa = PBXFileReference; lastKnownFileType = sourcecode.c.h; path = AppDelegate.h; sourceTree = "<group>"; };
		F44F5C3B1AAA1683003194C3 /* AppDelegate.m */ = {isa = PBXFileReference; lastKnownFileType = sourcecode.c.objc; path = AppDelegate.m; sourceTree = "<group>"; };
		F44F5C3D1AAA1683003194C3 /* FirstViewController.h */ = {isa = PBXFileReference; lastKnownFileType = sourcecode.c.h; path = FirstViewController.h; sourceTree = "<group>"; };
		F44F5C3E1AAA1683003194C3 /* FirstViewController.m */ = {isa = PBXFileReference; lastKnownFileType = sourcecode.c.objc; path = FirstViewController.m; sourceTree = "<group>"; };
		F44F5C401AAA1683003194C3 /* SecondViewController.h */ = {isa = PBXFileReference; lastKnownFileType = sourcecode.c.h; path = SecondViewController.h; sourceTree = "<group>"; };
		F44F5C411AAA1683003194C3 /* SecondViewController.m */ = {isa = PBXFileReference; lastKnownFileType = sourcecode.c.objc; path = SecondViewController.m; sourceTree = "<group>"; };
		F44F5C441AAA1683003194C3 /* Base */ = {isa = PBXFileReference; lastKnownFileType = file.storyboard; name = Base; path = Base.lproj/Main.storyboard; sourceTree = "<group>"; };
		F44F5C461AAA1683003194C3 /* Images.xcassets */ = {isa = PBXFileReference; lastKnownFileType = folder.assetcatalog; path = Images.xcassets; sourceTree = "<group>"; };
		F44F5C491AAA1683003194C3 /* Base */ = {isa = PBXFileReference; lastKnownFileType = file.xib; name = Base; path = Base.lproj/LaunchScreen.xib; sourceTree = "<group>"; };
		F44F5C4F1AAA1683003194C3 /* TabbyTests.xctest */ = {isa = PBXFileReference; explicitFileType = wrapper.cfbundle; includeInIndex = 0; path = TabbyTests.xctest; sourceTree = BUILT_PRODUCTS_DIR; };
		F44F5C541AAA1683003194C3 /* Info.plist */ = {isa = PBXFileReference; lastKnownFileType = text.plist.xml; path = Info.plist; sourceTree = "<group>"; };
		F44F5C551AAA1683003194C3 /* TabbyTests.m */ = {isa = PBXFileReference; lastKnownFileType = sourcecode.c.objc; path = TabbyTests.m; sourceTree = "<group>"; };
/* End PBXFileReference section */

/* Begin PBXFrameworksBuildPhase section */
		F44F5C301AAA1683003194C3 /* Frameworks */ = {
			isa = PBXFrameworksBuildPhase;
			buildActionMask = 2147483647;
			files = (
			);
			runOnlyForDeploymentPostprocessing = 0;
		};
		F44F5C4C1AAA1683003194C3 /* Frameworks */ = {
			isa = PBXFrameworksBuildPhase;
			buildActionMask = 2147483647;
			files = (
			);
			runOnlyForDeploymentPostprocessing = 0;
		};
/* End PBXFrameworksBuildPhase section */

/* Begin PBXGroup section */
		F44F5C2A1AAA1683003194C3 = {
			isa = PBXGroup;
			children = (
				F44F5C351AAA1683003194C3 /* Tabby */,
				F44F5C521AAA1683003194C3 /* TabbyTests */,
				F44F5C341AAA1683003194C3 /* Products */,
			);
			sourceTree = "<group>";
		};
		F44F5C341AAA1683003194C3 /* Products */ = {
			isa = PBXGroup;
			children = (
				F44F5C331AAA1683003194C3 /* Tabby.app */,
				F44F5C4F1AAA1683003194C3 /* TabbyTests.xctest */,
			);
			name = Products;
			sourceTree = "<group>";
		};
		F44F5C351AAA1683003194C3 /* Tabby */ = {
			isa = PBXGroup;
			children = (
				F44F5C3A1AAA1683003194C3 /* AppDelegate.h */,
				F44F5C3B1AAA1683003194C3 /* AppDelegate.m */,
				F44F5C3D1AAA1683003194C3 /* FirstViewController.h */,
				F44F5C3E1AAA1683003194C3 /* FirstViewController.m */,
				F44F5C401AAA1683003194C3 /* SecondViewController.h */,
				F44F5C411AAA1683003194C3 /* SecondViewController.m */,
				F44F5C431AAA1683003194C3 /* Main.storyboard */,
				F44F5C461AAA1683003194C3 /* Images.xcassets */,
				F44F5C481AAA1683003194C3 /* LaunchScreen.xib */,
				F44F5C361AAA1683003194C3 /* Supporting Files */,
			);
			path = Tabby;
			sourceTree = "<group>";
		};
		F44F5C361AAA1683003194C3 /* Supporting Files */ = {
			isa = PBXGroup;
			children = (
				F44F5C371AAA1683003194C3 /* Info.plist */,
				F44F5C381AAA1683003194C3 /* main.m */,
			);
			name = "Supporting Files";
			sourceTree = "<group>";
		};
		F44F5C521AAA1683003194C3 /* TabbyTests */ = {
			isa = PBXGroup;
			children = (
				F44F5C551AAA1683003194C3 /* TabbyTests.m */,
				F44F5C531AAA1683003194C3 /* Supporting Files */,
			);
			path = TabbyTests;
			sourceTree = "<group>";
		};
		F44F5C531AAA1683003194C3 /* Supporting Files */ = {
			isa = PBXGroup;
			children = (
				F44F5C541AAA1683003194C3 /* Info.plist */,
			);
			name = "Supporting Files";
			sourceTree = "<group>";
		};
/* End PBXGroup section */

/* Begin PBXNativeTarget section */
		F44F5C321AAA1683003194C3 /* Tabby */ = {
			isa = PBXNativeTarget;
			buildConfigurationList = F44F5C591AAA1683003194C3 /* Build configuration list for PBXNativeTarget "Tabby" */;
			buildPhases = (
				F44F5C2F1AAA1683003194C3 /* Sources */,
				F44F5C301AAA1683003194C3 /* Frameworks */,
				F44F5C311AAA1683003194C3 /* Resources */,
			);
			buildRules = (
			);
			dependencies = (
			);
			name = Tabby;
			productName = Tabby;
			productReference = F44F5C331AAA1683003194C3 /* Tabby.app */;
			productType = "com.apple.product-type.application";
		};
		F44F5C4E1AAA1683003194C3 /* TabbyTests */ = {
			isa = PBXNativeTarget;
			buildConfigurationList = F44F5C5C1AAA1683003194C3 /* Build configuration list for PBXNativeTarget "TabbyTests" */;
			buildPhases = (
				F44F5C4B1AAA1683003194C3 /* Sources */,
				F44F5C4C1AAA1683003194C3 /* Frameworks */,
				F44F5C4D1AAA1683003194C3 /* Resources */,
			);
			buildRules = (
			);
			dependencies = (
				F44F5C511AAA1683003194C3 /* PBXTargetDependency */,
			);
			name = TabbyTests;
			productName = TabbyTests;
			productReference = F44F5C4F1AAA1683003194C3 /* TabbyTests.xctest */;
			productType = "com.apple.product-type.bundle.unit-test";
		};
/* End PBXNativeTarget section */

/* Begin PBXProject section */
		F44F5C2B1AAA1683003194C3 /* Project object */ = {
			isa = PBXProject;
			attributes = {
				LastUpgradeCheck = 0610;
				ORGANIZATIONNAME = "Dave Peterman";
				TargetAttributes = {
					F44F5C321AAA1683003194C3 = {
						CreatedOnToolsVersion = 6.1.1;
					};
					F44F5C4E1AAA1683003194C3 = {
						CreatedOnToolsVersion = 6.1.1;
						TestTargetID = F44F5C321AAA1683003194C3;
					};
				};
			};
			buildConfigurationList = F44F5C2E1AAA1683003194C3 /* Build configuration list for PBXProject "Tabby" */;
			compatibilityVersion = "Xcode 3.2";
			developmentRegion = English;
			hasScannedForEncodings = 0;
			knownRegions = (
				en,
				Base,
			);
			mainGroup = F44F5C2A1AAA1683003194C3;
			productRefGroup = F44F5C341AAA1683003194C3 /* Products */;
			projectDirPath = "";
			projectRoot = "";
			targets = (
				F44F5C321AAA1683003194C3 /* Tabby */,
				F44F5C4E1AAA1683003194C3 /* TabbyTests */,
			);
		};
/* End PBXProject section */

/* Begin PBXResourcesBuildPhase section */
		F44F5C311AAA1683003194C3 /* Resources */ = {
			isa = PBXResourcesBuildPhase;
			buildActionMask = 2147483647;
			files = (
				F44F5C451AAA1683003194C3 /* Main.storyboard in Resources */,
				F44F5C4A1AAA1683003194C3 /* LaunchScreen.xib in Resources */,
				F44F5C471AAA1683003194C3 /* Images.xcassets in Resources */,
			);
			runOnlyForDeploymentPostprocessing = 0;
		};
		F44F5C4D1AAA1683003194C3 /* Resources */ = {
			isa = PBXResourcesBuildPhase;
			buildActionMask = 2147483647;
			files = (
			);
			runOnlyForDeploymentPostprocessing = 0;
		};
/* End PBXResourcesBuildPhase section */

/* Begin PBXSourcesBuildPhase section */
		F44F5C2F1AAA1683003194C3 /* Sources */ = {
			isa = PBXSourcesBuildPhase;
			buildActionMask = 2147483647;
			files = (
				F44F5C421AAA1683003194C3 /* SecondViewController.m in Sources */,
				F44F5C3C1AAA1683003194C3 /* AppDelegate.m in Sources */,
				F44F5C3F1AAA1683003194C3 /* FirstViewController.m in Sources */,
				F44F5C391AAA1683003194C3 /* main.m in Sources */,
			);
			runOnlyForDeploymentPostprocessing = 0;
		};
		F44F5C4B1AAA1683003194C3 /* Sources */ = {
			isa = PBXSourcesBuildPhase;
			buildActionMask = 2147483647;
			files = (
				F44F5C561AAA1683003194C3 /* TabbyTests.m in Sources */,
			);
			runOnlyForDeploymentPostprocessing = 0;
		};
/* End PBXSourcesBuildPhase section */

/* Begin PBXTargetDependency section */
		F44F5C511AAA1683003194C3 /* PBXTargetDependency */ = {
			isa = PBXTargetDependency;
			target = F44F5C321AAA1683003194C3 /* Tabby */;
			targetProxy = F44F5C501AAA1683003194C3 /* PBXContainerItemProxy */;
		};
/* End PBXTargetDependency section */

/* Begin PBXVariantGroup section */
		F44F5C431AAA1683003194C3 /* Main.storyboard */ = {
			isa = PBXVariantGroup;
			children = (
				F44F5C441AAA1683003194C3 /* Base */,
			);
			name = Main.storyboard;
			sourceTree = "<group>";
		};
		F44F5C481AAA1683003194C3 /* LaunchScreen.xib */ = {
			isa = PBXVariantGroup;
			children = (
				F44F5C491AAA1683003194C3 /* Base */,
			);
			name = LaunchScreen.xib;
			sourceTree = "<group>";
		};
/* End PBXVariantGroup section */

/* Begin XCBuildConfiguration section */
		F44F5C571AAA1683003194C3 /* Debug */ = {
			isa = XCBuildConfiguration;
			buildSettings = {
				ALWAYS_SEARCH_USER_PATHS = NO;
				CLANG_CXX_LANGUAGE_STANDARD = "gnu++0x";
				CLANG_CXX_LIBRARY = "libc++";
				CLANG_ENABLE_MODULES = YES;
				CLANG_ENABLE_OBJC_ARC = YES;
				CLANG_WARN_BOOL_CONVERSION = YES;
				CLANG_WARN_CONSTANT_CONVERSION = YES;
				CLANG_WARN_DIRECT_OBJC_ISA_USAGE = YES_ERROR;
				CLANG_WARN_EMPTY_BODY = YES;
				CLANG_WARN_ENUM_CONVERSION = YES;
				CLANG_WARN_INT_CONVERSION = YES;
				CLANG_WARN_OBJC_ROOT_CLASS = YES_ERROR;
				CLANG_WARN_UNREACHABLE_CODE = YES;
				CLANG_WARN__DUPLICATE_METHOD_MATCH = YES;
				"CODE_SIGN_IDENTITY[sdk=iphoneos*]" = "iPhone Developer";
				COPY_PHASE_STRIP = NO;
				ENABLE_STRICT_OBJC_MSGSEND = YES;
				GCC_C_LANGUAGE_STANDARD = gnu99;
				GCC_DYNAMIC_NO_PIC = NO;
				GCC_OPTIMIZATION_LEVEL = 0;
				GCC_PREPROCESSOR_DEFINITIONS = (
					"DEBUG=1",
					"$(inherited)",
				);
				GCC_SYMBOLS_PRIVATE_EXTERN = NO;
				GCC_WARN_64_TO_32_BIT_CONVERSION = YES;
				GCC_WARN_ABOUT_RETURN_TYPE = YES_ERROR;
				GCC_WARN_UNDECLARED_SELECTOR = YES;
				GCC_WARN_UNINITIALIZED_AUTOS = YES_AGGRESSIVE;
				GCC_WARN_UNUSED_FUNCTION = YES;
				GCC_WARN_UNUSED_VARIABLE = YES;
				IPHONEOS_DEPLOYMENT_TARGET = 8.1;
				MTL_ENABLE_DEBUG_INFO = YES;
				ONLY_ACTIVE_ARCH = YES;
				SDKROOT = iphoneos;
				TARGETED_DEVICE_FAMILY = "1,2";
			};
			name = Debug;
		};
		F44F5C581AAA1683003194C3 /* Release */ = {
			isa = XCBuildConfiguration;
			buildSettings = {
				ALWAYS_SEARCH_USER_PATHS = NO;
				CLANG_CXX_LANGUAGE_STANDARD = "gnu++0x";
				CLANG_CXX_LIBRARY = "libc++";
				CLANG_ENABLE_MODULES = YES;
				CLANG_ENABLE_OBJC_ARC = YES;
				CLANG_WARN_BOOL_CONVERSION = YES;
				CLANG_WARN_CONSTANT_CONVERSION = YES;
				CLANG_WARN_DIRECT_OBJC_ISA_USAGE = YES_ERROR;
				CLANG_WARN_EMPTY_BODY = YES;
				CLANG_WARN_ENUM_CONVERSION = YES;
				CLANG_WARN_INT_CONVERSION = YES;
				CLANG_WARN_OBJC_ROOT_CLASS = YES_ERROR;
				CLANG_WARN_UNREACHABLE_CODE = YES;
				CLANG_WARN__DUPLICATE_METHOD_MATCH = YES;
				"CODE_SIGN_IDENTITY[sdk=iphoneos*]" = "iPhone Developer";
				COPY_PHASE_STRIP = YES;
				ENABLE_NS_ASSERTIONS = NO;
				ENABLE_STRICT_OBJC_MSGSEND = YES;
				GCC_C_LANGUAGE_STANDARD = gnu99;
				GCC_WARN_64_TO_32_BIT_CONVERSION = YES;
				GCC_WARN_ABOUT_RETURN_TYPE = YES_ERROR;
				GCC_WARN_UNDECLARED_SELECTOR = YES;
				GCC_WARN_UNINITIALIZED_AUTOS = YES_AGGRESSIVE;
				GCC_WARN_UNUSED_FUNCTION = YES;
				GCC_WARN_UNUSED_VARIABLE = YES;
				IPHONEOS_DEPLOYMENT_TARGET = 8.1;
				MTL_ENABLE_DEBUG_INFO = NO;
				SDKROOT = iphoneos;
				TARGETED_DEVICE_FAMILY = "1,2";
				VALIDATE_PRODUCT = YES;
			};
			name = Release;
		};
		F44F5C5A1AAA1683003194C3 /* Debug */ = {
			isa = XCBuildConfiguration;
			buildSettings = {
				ASSETCATALOG_COMPILER_APPICON_NAME = AppIcon;
				INFOPLIST_FILE = Tabby/Info.plist;
				LD_RUNPATH_SEARCH_PATHS = "$(inherited) @executable_path/Frameworks";
				PRODUCT_NAME = "$(TARGET_NAME)";
			};
			name = Debug;
		};
		F44F5C5B1AAA1683003194C3 /* Release */ = {
			isa = XCBuildConfiguration;
			buildSettings = {
				ASSETCATALOG_COMPILER_APPICON_NAME = AppIcon;
				INFOPLIST_FILE = Tabby/Info.plist;
				LD_RUNPATH_SEARCH_PATHS = "$(inherited) @executable_path/Frameworks";
				PRODUCT_NAME = "$(TARGET_NAME)";
			};
			name = Release;
		};
		F44F5C5D1AAA1683003194C3 /* Debug */ = {
			isa = XCBuildConfiguration;
			buildSettings = {
				BUNDLE_LOADER = "$(TEST_HOST)";
				FRAMEWORK_SEARCH_PATHS = (
					"$(SDKROOT)/Developer/Library/Frameworks",
					"$(inherited)",
				);
				GCC_PREPROCESSOR_DEFINITIONS = (
					"DEBUG=1",
					"$(inherited)",
				);
				INFOPLIST_FILE = TabbyTests/Info.plist;
				LD_RUNPATH_SEARCH_PATHS = "$(inherited) @executable_path/Frameworks @loader_path/Frameworks";
				PRODUCT_NAME = "$(TARGET_NAME)";
				TEST_HOST = "$(BUILT_PRODUCTS_DIR)/Tabby.app/Tabby";
			};
			name = Debug;
		};
		F44F5C5E1AAA1683003194C3 /* Release */ = {
			isa = XCBuildConfiguration;
			buildSettings = {
				BUNDLE_LOADER = "$(TEST_HOST)";
				FRAMEWORK_SEARCH_PATHS = (
					"$(SDKROOT)/Developer/Library/Frameworks",
					"$(inherited)",
				);
				INFOPLIST_FILE = TabbyTests/Info.plist;
				LD_RUNPATH_SEARCH_PATHS = "$(inherited) @executable_path/Frameworks @loader_path/Frameworks";
				PRODUCT_NAME = "$(TARGET_NAME)";
				TEST_HOST = "$(BUILT_PRODUCTS_DIR)/Tabby.app/Tabby";
			};
			name = Release;
		};
/* End XCBuildConfiguration section */

/* Begin XCConfigurationList section */
		F44F5C2E1AAA1683003194C3 /* Build configuration list for PBXProject "Tabby" */ = {
			isa = XCConfigurationList;
			buildConfigurations = (
				F44F5C571AAA1683003194C3 /* Debug */,
				F44F5C581AAA1683003194C3 /* Release */,
			);
			defaultConfigurationIsVisible = 0;
			defaultConfigurationName = Release;
		};
		F44F5C591AAA1683003194C3 /* Build configuration list for PBXNativeTarget "Tabby" */ = {
			isa = XCConfigurationList;
			buildConfigurations = (
				F44F5C5A1AAA1683003194C3 /* Debug */,
				F44F5C5B1AAA1683003194C3 /* Release */,
			);
			defaultConfigurationIsVisible = 0;
		};
		F44F5C5C1AAA1683003194C3 /* Build configuration list for PBXNativeTarget "TabbyTests" */ = {
			isa = XCConfigurationList;
			buildConfigurations = (
				F44F5C5D1AAA1683003194C3 /* Debug */,
				F44F5C5E1AAA1683003194C3 /* Release */,
			);
			defaultConfigurationIsVisible = 0;
		};
/* End XCConfigurationList section */
	};
	rootObject = F44F5C2B1AAA1683003194C3 /* Project object */;
}
